
Microsoft Visual Studio Solution File, Format Version 12.00
# Visual Studio Version 17
VisualStudioVersion = 17.0.31903.59
MinimumVisualStudioVersion = 10.0.40219.1
Project("{9A19103F-16F7-4668-BE54-9A1E7A4F7556}") = "API", "API\API.csproj", "{3941E685-9DCB-4AC7-AD07-9BD2A80A7ED8}"
EndProject
Project("{9A19103F-16F7-4668-BE54-9A1E7A4F7556}") = "Application", "Application\Application.csproj", "{C6F6B0A9-A3DB-483B-9501-C9A0F4CC7DA8}"
EndProject
Project("{9A19103F-16F7-4668-BE54-9A1E7A4F7556}") = "Domain", "Domain\Domain.csproj", "{195EB300-DD17-4D2C-81CB-E39D8C754DB9}"
EndProject
Project("{9A19103F-16F7-4668-BE54-9A1E7A4F7556}") = "Infrastructure", "Infrastructure\Infrastructure.csproj", "{168D399D-3BE6-4AAE-BBC6-40108E83F539}"
EndProject
Project("{2150E333-8FDC-42A3-9474-1A3956D46DE8}") = "Tests", "Tests", "{13CE0D39-D3DF-425E-9648-2676A1FEC646}"
EndProject
Project("{9A19103F-16F7-4668-BE54-9A1E7A4F7556}") = "Application.UnitTests", "..\tests\Application.UnitTests\Application.UnitTests.csproj", "{FD946171-8B42-4369-97A1-5169968ADA73}"
EndProject
Project("{2150E333-8FDC-42A3-9474-1A3956D46DE8}") = "SolutionItems", "SolutionItems", "{0863469B-FB93-41C1-B2F4-40BC4DE08B35}"
	ProjectSection(SolutionItems) = preProject
		..\.gitignore = ..\.gitignore
		..\.github\workflows\dotnet.yml = ..\.github\workflows\dotnet.yml
		..\README.md = ..\README.md
	EndProjectSection
EndProject
Global
	GlobalSection(SolutionConfigurationPlatforms) = preSolution
		Debug|Any CPU = Debug|Any CPU
		Release|Any CPU = Release|Any CPU
	EndGlobalSection
	GlobalSection(ProjectConfigurationPlatforms) = postSolution
		{3941E685-9DCB-4AC7-AD07-9BD2A80A7ED8}.Debug|Any CPU.ActiveCfg = Debug|Any CPU
		{3941E685-9DCB-4AC7-AD07-9BD2A80A7ED8}.Debug|Any CPU.Build.0 = Debug|Any CPU
		{3941E685-9DCB-4AC7-AD07-9BD2A80A7ED8}.Release|Any CPU.ActiveCfg = Release|Any CPU
		{3941E685-9DCB-4AC7-AD07-9BD2A80A7ED8}.Release|Any CPU.Build.0 = Release|Any CPU
		{C6F6B0A9-A3DB-483B-9501-C9A0F4CC7DA8}.Debug|Any CPU.ActiveCfg = Debug|Any CPU
		{C6F6B0A9-A3DB-483B-9501-C9A0F4CC7DA8}.Debug|Any CPU.Build.0 = Debug|Any CPU
		{C6F6B0A9-A3DB-483B-9501-C9A0F4CC7DA8}.Release|Any CPU.ActiveCfg = Release|Any CPU
		{C6F6B0A9-A3DB-483B-9501-C9A0F4CC7DA8}.Release|Any CPU.Build.0 = Release|Any CPU
		{195EB300-DD17-4D2C-81CB-E39D8C754DB9}.Debug|Any CPU.ActiveCfg = Debug|Any CPU
		{195EB300-DD17-4D2C-81CB-E39D8C754DB9}.Debug|Any CPU.Build.0 = Debug|Any CPU
		{195EB300-DD17-4D2C-81CB-E39D8C754DB9}.Release|Any CPU.ActiveCfg = Release|Any CPU
		{195EB300-DD17-4D2C-81CB-E39D8C754DB9}.Release|Any CPU.Build.0 = Release|Any CPU
		{168D399D-3BE6-4AAE-BBC6-40108E83F539}.Debug|Any CPU.ActiveCfg = Debug|Any CPU
		{168D399D-3BE6-4AAE-BBC6-40108E83F539}.Debug|Any CPU.Build.0 = Debug|Any CPU
		{168D399D-3BE6-4AAE-BBC6-40108E83F539}.Release|Any CPU.ActiveCfg = Release|Any CPU
		{168D399D-3BE6-4AAE-BBC6-40108E83F539}.Release|Any CPU.Build.0 = Release|Any CPU
		{FD946171-8B42-4369-97A1-5169968ADA73}.Debug|Any CPU.ActiveCfg = Debug|Any CPU
		{FD946171-8B42-4369-97A1-5169968ADA73}.Debug|Any CPU.Build.0 = Debug|Any CPU
		{FD946171-8B42-4369-97A1-5169968ADA73}.Release|Any CPU.ActiveCfg = Release|Any CPU
		{FD946171-8B42-4369-97A1-5169968ADA73}.Release|Any CPU.Build.0 = Release|Any CPU
	EndGlobalSection
	GlobalSection(SolutionProperties) = preSolution
		HideSolutionNode = FALSE
	EndGlobalSection
	GlobalSection(NestedProjects) = preSolution
		{FD946171-8B42-4369-97A1-5169968ADA73} = {13CE0D39-D3DF-425E-9648-2676A1FEC646}
	EndGlobalSection
EndGlobal
