
Microsoft Visual Studio Solution File, Format Version 12.00
# Visual Studio Version 17
VisualStudioVersion = 17.0.31903.59
MinimumVisualStudioVersion = 10.0.40219.1
Project("{FAE04EC0-301F-11D3-BF4B-00C04F79EFBC}") = "Domain", "Domain\Domain.csproj", "{851C8E56-8B78-424E-8576-7B3BDBD8934D}"
EndProject
Project("{FAE04EC0-301F-11D3-BF4B-00C04F79EFBC}") = "Infrastructure", "Infrastructure\Infrastructure.csproj", "{84F326D3-973A-4619-A9CA-938C98743BE0}"
EndProject
Project("{FAE04EC0-301F-11D3-BF4B-00C04F79EFBC}") = "Application", "Application\Application.csproj", "{D9DD89AD-1F60-4EAA-99FA-83364A428376}"
EndProject
Project("{FAE04EC0-301F-11D3-BF4B-00C04F79EFBC}") = "API", "API\API.csproj", "{EF42B9C2-FBE6-4B13-A795-C09F44100B46}"
EndProject
Project("{2150E333-8FDC-42A3-9474-1A3956D46DE8}") = "Tests", "Tests", "{068696ED-95F1-4EB9-AAE9-1E50B66FB0FA}"
EndProject
Project("{9A19103F-16F7-4668-BE54-9A1E7A4F7556}") = "Application.UnitTests", "..\tests\Application.UnitTests\Application.UnitTests.csproj", "{61AE7578-69EE-422E-8655-AB0A6E20454E}"
EndProject
Global
	GlobalSection(SolutionConfigurationPlatforms) = preSolution
		Debug|Any CPU = Debug|Any CPU
		Release|Any CPU = Release|Any CPU
	EndGlobalSection
	GlobalSection(ProjectConfigurationPlatforms) = postSolution
		{851C8E56-8B78-424E-8576-7B3BDBD8934D}.Debug|Any CPU.ActiveCfg = Debug|Any CPU
		{851C8E56-8B78-424E-8576-7B3BDBD8934D}.Debug|Any CPU.Build.0 = Debug|Any CPU
		{851C8E56-8B78-424E-8576-7B3BDBD8934D}.Release|Any CPU.ActiveCfg = Release|Any CPU
		{851C8E56-8B78-424E-8576-7B3BDBD8934D}.Release|Any CPU.Build.0 = Release|Any CPU
		{84F326D3-973A-4619-A9CA-938C98743BE0}.Debug|Any CPU.ActiveCfg = Debug|Any CPU
		{84F326D3-973A-4619-A9CA-938C98743BE0}.Debug|Any CPU.Build.0 = Debug|Any CPU
		{84F326D3-973A-4619-A9CA-938C98743BE0}.Release|Any CPU.ActiveCfg = Release|Any CPU
		{84F326D3-973A-4619-A9CA-938C98743BE0}.Release|Any CPU.Build.0 = Release|Any CPU
		{D9DD89AD-1F60-4EAA-99FA-83364A428376}.Debug|Any CPU.ActiveCfg = Debug|Any CPU
		{D9DD89AD-1F60-4EAA-99FA-83364A428376}.Debug|Any CPU.Build.0 = Debug|Any CPU
		{D9DD89AD-1F60-4EAA-99FA-83364A428376}.Release|Any CPU.ActiveCfg = Release|Any CPU
		{D9DD89AD-1F60-4EAA-99FA-83364A428376}.Release|Any CPU.Build.0 = Release|Any CPU
		{EF42B9C2-FBE6-4B13-A795-C09F44100B46}.Debug|Any CPU.ActiveCfg = Debug|Any CPU
		{EF42B9C2-FBE6-4B13-A795-C09F44100B46}.Debug|Any CPU.Build.0 = Debug|Any CPU
		{EF42B9C2-FBE6-4B13-A795-C09F44100B46}.Release|Any CPU.ActiveCfg = Release|Any CPU
		{EF42B9C2-FBE6-4B13-A795-C09F44100B46}.Release|Any CPU.Build.0 = Release|Any CPU
		{61AE7578-69EE-422E-8655-AB0A6E20454E}.Debug|Any CPU.ActiveCfg = Debug|Any CPU
		{61AE7578-69EE-422E-8655-AB0A6E20454E}.Debug|Any CPU.Build.0 = Debug|Any CPU
		{61AE7578-69EE-422E-8655-AB0A6E20454E}.Release|Any CPU.ActiveCfg = Release|Any CPU
		{61AE7578-69EE-422E-8655-AB0A6E20454E}.Release|Any CPU.Build.0 = Release|Any CPU
	EndGlobalSection
	GlobalSection(SolutionProperties) = preSolution
		HideSolutionNode = FALSE
	EndGlobalSection
	GlobalSection(NestedProjects) = preSolution
		{61AE7578-69EE-422E-8655-AB0A6E20454E} = {068696ED-95F1-4EB9-AAE9-1E50B66FB0FA}
	EndGlobalSection
	GlobalSection(ExtensibilityGlobals) = postSolution
		SolutionGuid = {00C18690-76E9-4E55-9432-BE111AC085EA}
	EndGlobalSection
EndGlobal
